
Microsoft Visual Studio Solution File, Format Version 12.00
# Visual Studio Version 17
VisualStudioVersion = 17.5.33414.496
MinimumVisualStudioVersion = 10.0.40219.1
Project("{9A19103F-16F7-4668-BE54-9A1E7A4F7556}") = "RetoSofka.API", "RetoSofka\RetoSofka.API.csproj", "{E8683C07-1A94-4AA0-AF5B-48BFB90784D1}"
EndProject
Project("{9A19103F-16F7-4668-BE54-9A1E7A4F7556}") = "RetoSofka.Domain", "RetoSofka.Domain\RetoSofka.Domain.csproj", "{BCAF1347-ED86-47B7-A070-27803875BEE5}"
EndProject
Project("{9A19103F-16F7-4668-BE54-9A1E7A4F7556}") = "RetoSofka.Infrastructure", "RetoSofka.Infrastructure\RetoSofka.Infrastructure.csproj", "{AF321A1A-BA9A-4664-B792-2F95F7A93A39}"
EndProject
Project("{9A19103F-16F7-4668-BE54-9A1E7A4F7556}") = "RetoSofka.Dtos", "RetoSofka.Dtos\RetoSofka.Dtos.csproj", "{9AA77729-B949-4D61-83E0-2BDE9988E9DF}"
EndProject
Project("{9A19103F-16F7-4668-BE54-9A1E7A4F7556}") = "RetoSofka.Test", "RetoSofka.Test\RetoSofka.Test.csproj", "{28D73462-BEE1-473E-9A85-9A0F00788A4E}"
EndProject
Project("{FAE04EC0-301F-11D3-BF4B-00C04F79EFBC}") = "RetoSofka.Aplication", "RetoSofka.Aplication\RetoSofka.Aplication.csproj", "{77FFD91B-13FC-4CA9-A213-499ED72603F9}"
EndProject
Global
	GlobalSection(SolutionConfigurationPlatforms) = preSolution
		Debug|Any CPU = Debug|Any CPU
		Release|Any CPU = Release|Any CPU
	EndGlobalSection
	GlobalSection(ProjectConfigurationPlatforms) = postSolution
		{E8683C07-1A94-4AA0-AF5B-48BFB90784D1}.Debug|Any CPU.ActiveCfg = Debug|Any CPU
		{E8683C07-1A94-4AA0-AF5B-48BFB90784D1}.Debug|Any CPU.Build.0 = Debug|Any CPU
		{E8683C07-1A94-4AA0-AF5B-48BFB90784D1}.Release|Any CPU.ActiveCfg = Release|Any CPU
		{E8683C07-1A94-4AA0-AF5B-48BFB90784D1}.Release|Any CPU.Build.0 = Release|Any CPU
		{BCAF1347-ED86-47B7-A070-27803875BEE5}.Debug|Any CPU.ActiveCfg = Debug|Any CPU
		{BCAF1347-ED86-47B7-A070-27803875BEE5}.Debug|Any CPU.Build.0 = Debug|Any CPU
		{BCAF1347-ED86-47B7-A070-27803875BEE5}.Release|Any CPU.ActiveCfg = Release|Any CPU
		{BCAF1347-ED86-47B7-A070-27803875BEE5}.Release|Any CPU.Build.0 = Release|Any CPU
		{AF321A1A-BA9A-4664-B792-2F95F7A93A39}.Debug|Any CPU.ActiveCfg = Debug|Any CPU
		{AF321A1A-BA9A-4664-B792-2F95F7A93A39}.Debug|Any CPU.Build.0 = Debug|Any CPU
		{AF321A1A-BA9A-4664-B792-2F95F7A93A39}.Release|Any CPU.ActiveCfg = Release|Any CPU
		{AF321A1A-BA9A-4664-B792-2F95F7A93A39}.Release|Any CPU.Build.0 = Release|Any CPU
		{9AA77729-B949-4D61-83E0-2BDE9988E9DF}.Debug|Any CPU.ActiveCfg = Debug|Any CPU
		{9AA77729-B949-4D61-83E0-2BDE9988E9DF}.Debug|Any CPU.Build.0 = Debug|Any CPU
		{9AA77729-B949-4D61-83E0-2BDE9988E9DF}.Release|Any CPU.ActiveCfg = Release|Any CPU
		{9AA77729-B949-4D61-83E0-2BDE9988E9DF}.Release|Any CPU.Build.0 = Release|Any CPU
		{28D73462-BEE1-473E-9A85-9A0F00788A4E}.Debug|Any CPU.ActiveCfg = Debug|Any CPU
		{28D73462-BEE1-473E-9A85-9A0F00788A4E}.Debug|Any CPU.Build.0 = Debug|Any CPU
		{28D73462-BEE1-473E-9A85-9A0F00788A4E}.Release|Any CPU.ActiveCfg = Release|Any CPU
		{28D73462-BEE1-473E-9A85-9A0F00788A4E}.Release|Any CPU.Build.0 = Release|Any CPU
		{77FFD91B-13FC-4CA9-A213-499ED72603F9}.Debug|Any CPU.ActiveCfg = Debug|Any CPU
		{77FFD91B-13FC-4CA9-A213-499ED72603F9}.Debug|Any CPU.Build.0 = Debug|Any CPU
		{77FFD91B-13FC-4CA9-A213-499ED72603F9}.Release|Any CPU.ActiveCfg = Release|Any CPU
		{77FFD91B-13FC-4CA9-A213-499ED72603F9}.Release|Any CPU.Build.0 = Release|Any CPU
	EndGlobalSection
	GlobalSection(SolutionProperties) = preSolution
		HideSolutionNode = FALSE
	EndGlobalSection
	GlobalSection(ExtensibilityGlobals) = postSolution
		SolutionGuid = {44214990-343C-475B-85B3-CDA9F704AE62}
	EndGlobalSection
EndGlobal
